
Microsoft Visual Studio Solution File, Format Version 12.00
# Visual Studio Version 16
VisualStudioVersion = 16.0.30413.136
MinimumVisualStudioVersion = 10.0.40219.1
Project("{FAE04EC0-301F-11D3-BF4B-00C04F79EFBC}") = "LTXDiff", "LTXDiff\LTXDiff.csproj", "{894ABB1E-96B4-4D5B-A2B3-127D58745570}"
EndProject
Global
	GlobalSection(SolutionConfigurationPlatforms) = preSolution
		Debug|Any CPU = Debug|Any CPU
		Release|Any CPU = Release|Any CPU
	EndGlobalSection
	GlobalSection(ProjectConfigurationPlatforms) = postSolution
		{894ABB1E-96B4-4D5B-A2B3-127D58745570}.Debug|Any CPU.ActiveCfg = Debug|Any CPU
		{894ABB1E-96B4-4D5B-A2B3-127D58745570}.Debug|Any CPU.Build.0 = Debug|Any CPU
		{894ABB1E-96B4-4D5B-A2B3-127D58745570}.Release|Any CPU.ActiveCfg = Release|Any CPU
		{894ABB1E-96B4-4D5B-A2B3-127D58745570}.Release|Any CPU.Build.0 = Release|Any CPU
	EndGlobalSection
	GlobalSection(SolutionProperties) = preSolution
		HideSolutionNode = FALSE
	EndGlobalSection
	GlobalSection(ExtensibilityGlobals) = postSolution
		SolutionGuid = {8D0F7C63-3298-4BB0-B1BF-895F88515376}
	EndGlobalSection
EndGlobal
